
Microsoft Visual Studio Solution File, Format Version 12.00
# Visual Studio Version 17
VisualStudioVersion = 17.0.31825.309
MinimumVisualStudioVersion = 10.0.40219.1
Project("{FAE04EC0-301F-11D3-BF4B-00C04F79EFBC}") = "WindowsFormsApp2", "WindowsFormsApp2\WindowsFormsApp2.csproj", "{1202AF8E-BD96-4D57-9717-48033E7628DD}"
EndProject
Global
	GlobalSection(SolutionConfigurationPlatforms) = preSolution
		Debug|Any CPU = Debug|Any CPU
		Release|Any CPU = Release|Any CPU
	EndGlobalSection
	GlobalSection(ProjectConfigurationPlatforms) = postSolution
		{1202AF8E-BD96-4D57-9717-48033E7628DD}.Debug|Any CPU.ActiveCfg = Debug|Any CPU
		{1202AF8E-BD96-4D57-9717-48033E7628DD}.Debug|Any CPU.Build.0 = Debug|Any CPU
		{1202AF8E-BD96-4D57-9717-48033E7628DD}.Release|Any CPU.ActiveCfg = Release|Any CPU
		{1202AF8E-BD96-4D57-9717-48033E7628DD}.Release|Any CPU.Build.0 = Release|Any CPU
	EndGlobalSection
	GlobalSection(SolutionProperties) = preSolution
		HideSolutionNode = FALSE
	EndGlobalSection
	GlobalSection(ExtensibilityGlobals) = postSolution
		SolutionGuid = {75AF9829-8739-46AE-9084-A1D4274A581A}
	EndGlobalSection
EndGlobal
